
Microsoft Visual Studio Solution File, Format Version 12.00
# Visual Studio 15
VisualStudioVersion = 15.0.27130.2003
MinimumVisualStudioVersion = 10.0.40219.1
Project("{FAE04EC0-301F-11D3-BF4B-00C04F79EFBC}") = "JiraKanbanMetrics", "src\JiraKanbanMetrics\JiraKanbanMetrics.csproj", "{C5682EA8-02B6-4BBB-8B17-DDF8E900BED5}"
EndProject
Project("{FAE04EC0-301F-11D3-BF4B-00C04F79EFBC}") = "JiraKanbanMetrics.Core", "src\JiraKanbanMetrics.Core\JiraKanbanMetrics.Core.csproj", "{106BFE67-0C0A-4D9C-BB65-AA09356E42C7}"
EndProject
Global
	GlobalSection(SolutionConfigurationPlatforms) = preSolution
		Debug|Any CPU = Debug|Any CPU
		Release|Any CPU = Release|Any CPU
	EndGlobalSection
	GlobalSection(ProjectConfigurationPlatforms) = postSolution
		{C5682EA8-02B6-4BBB-8B17-DDF8E900BED5}.Debug|Any CPU.ActiveCfg = Debug|Any CPU
		{C5682EA8-02B6-4BBB-8B17-DDF8E900BED5}.Debug|Any CPU.Build.0 = Debug|Any CPU
		{C5682EA8-02B6-4BBB-8B17-DDF8E900BED5}.Release|Any CPU.ActiveCfg = Release|Any CPU
		{C5682EA8-02B6-4BBB-8B17-DDF8E900BED5}.Release|Any CPU.Build.0 = Release|Any CPU
		{106BFE67-0C0A-4D9C-BB65-AA09356E42C7}.Debug|Any CPU.ActiveCfg = Debug|Any CPU
		{106BFE67-0C0A-4D9C-BB65-AA09356E42C7}.Debug|Any CPU.Build.0 = Debug|Any CPU
		{106BFE67-0C0A-4D9C-BB65-AA09356E42C7}.Release|Any CPU.ActiveCfg = Release|Any CPU
		{106BFE67-0C0A-4D9C-BB65-AA09356E42C7}.Release|Any CPU.Build.0 = Release|Any CPU
	EndGlobalSection
	GlobalSection(SolutionProperties) = preSolution
		HideSolutionNode = FALSE
	EndGlobalSection
	GlobalSection(ExtensibilityGlobals) = postSolution
		SolutionGuid = {3C125099-5D44-455C-A688-ABB96C061257}
	EndGlobalSection
EndGlobal
